// !$*UTF8*$!
{
	archiveVersion = 1;
	classes = {
	};
	objectVersion = 56;
	objects = {

/* Begin PBXBuildFile section */
		4B781D092E8FF8B900B38203 /* Recording.swift in Sources */ = {isa = PBXBuildFile; fileRef = 4B781CF62E8FF8B900B38203 /* Recording.swift */; };
		4B781D0A2E8FF8B900B38203 /* FileStorageServiceProtocol.swift in Sources */ = {isa = PBXBuildFile; fileRef = 4B781CF92E8FF8B900B38203 /* FileStorageServiceProtocol.swift */; };
		4B781D0B2E8FF8B900B38203 /* AudioRecordingService.swift in Sources */ = {isa = PBXBuildFile; fileRef = 4B781CFC2E8FF8B900B38203 /* AudioRecordingService.swift */; };
		4B781D0C2E8FF8B900B38203 /* TranscriptionViewModel.swift in Sources */ = {isa = PBXBuildFile; fileRef = 4B781D062E8FF8B900B38203 /* TranscriptionViewModel.swift */; };
		4B781D0D2E8FF8B900B38203 /* AudioSettings.swift in Sources */ = {isa = PBXBuildFile; fileRef = 4B781CF52E8FF8B900B38203 /* AudioSettings.swift */; };
		4B781D0E2E8FF8B900B38203 /* VoiceCaptureError.swift in Sources */ = {isa = PBXBuildFile; fileRef = 4B781D032E8FF8B900B38203 /* VoiceCaptureError.swift */; };
		4B781D0F2E8FF8B900B38203 /* AudioRecordingServiceProtocol.swift in Sources */ = {isa = PBXBuildFile; fileRef = 4B781CF82E8FF8B900B38203 /* AudioRecordingServiceProtocol.swift */; };
		4B781D102E8FF8B900B38203 /* NotificationService.swift in Sources */ = {isa = PBXBuildFile; fileRef = 4B781CFE2E8FF8B900B38203 /* NotificationService.swift */; };
		4B781D112E8FF8B900B38203 /* NotificationServiceProtocol.swift in Sources */ = {isa = PBXBuildFile; fileRef = 4B781CFA2E8FF8B900B38203 /* NotificationServiceProtocol.swift */; };
		4B781D122E8FF8B900B38203 /* SettingsManager.swift in Sources */ = {isa = PBXBuildFile; fileRef = 4B781D022E8FF8B900B38203 /* SettingsManager.swift */; };
		4B781D132E8FF8B900B38203 /* AppLogger.swift in Sources */ = {isa = PBXBuildFile; fileRef = 4B781D002E8FF8B900B38203 /* AppLogger.swift */; };
		4B781D152E8FF8B900B38203 /* FileStorageService.swift in Sources */ = {isa = PBXBuildFile; fileRef = 4B781CFD2E8FF8B900B38203 /* FileStorageService.swift */; };
		4B9891172E8FFE7600409927 /* PermissionsManager.swift in Sources */ = {isa = PBXBuildFile; fileRef = 4B9891162E8FFE7600409927 /* PermissionsManager.swift */; };
		4B9891192E8FFEAC00409927 /* RecordingViewModel.swift in Sources */ = {isa = PBXBuildFile; fileRef = 4B9891182E8FFEAC00409927 /* RecordingViewModel.swift */; };
		4BE0C9A02E90154200984A24 /* KeyboardShortcuts+Names.swift in Sources */ = {isa = PBXBuildFile; fileRef = 4BE0C99F2E90154200984A24 /* KeyboardShortcuts+Names.swift */; };
		4BE0C9A22E90155E00984A24 /* SettingsViewModel.swift in Sources */ = {isa = PBXBuildFile; fileRef = 4BE0C9A12E90155E00984A24 /* SettingsViewModel.swift */; };
		4BE0C9A42E90157100984A24 /* SettingsView.swift in Sources */ = {isa = PBXBuildFile; fileRef = 4BE0C9A32E90157100984A24 /* SettingsView.swift */; };
		4BE0C9A72E9015AD00984A24 /* KeyboardShortcuts in Frameworks */ = {isa = PBXBuildFile; productRef = 4BE0C9A62E9015AD00984A24 /* KeyboardShortcuts */; };
		4BE0C9AA2E9024C400984A24 /* WhisperKit in Frameworks */ = {isa = PBXBuildFile; productRef = 4BE0C9A92E9024C400984A24 /* WhisperKit */; };
		4BE0C9AC2E9025D000984A24 /* TranscriptionServiceProtocol.swift in Sources */ = {isa = PBXBuildFile; fileRef = 4BE0C9AB2E9025D000984A24 /* TranscriptionServiceProtocol.swift */; };
		4BE0C9AE2E9026E100984A24 /* TranscriptionService.swift in Sources */ = {isa = PBXBuildFile; fileRef = 4BE0C9AD2E9026E100984A24 /* TranscriptionService.swift */; };
		4BE0C9B02E902BBF00984A24 /* AudioDevice.swift in Sources */ = {isa = PBXBuildFile; fileRef = 4BE0C9AF2E902BBF00984A24 /* AudioDevice.swift */; };
		A1000001000000000000001 /* VoiceCaptureApp.swift in Sources */ = {isa = PBXBuildFile; fileRef = A2000001000000000000001 /* VoiceCaptureApp.swift */; };
		A1000002000000000000001 /* AppDelegate.swift in Sources */ = {isa = PBXBuildFile; fileRef = A2000002000000000000001 /* AppDelegate.swift */; };
		A1000003000000000000001 /* Assets.xcassets in Resources */ = {isa = PBXBuildFile; fileRef = A2000003000000000000001 /* Assets.xcassets */; };
		BD4BDB954035B484B8D6AFB0 /* ModelDownloadView.swift in Sources */ = {isa = PBXBuildFile; fileRef = 804B0ED62389BD441AA1CC03 /* ModelDownloadView.swift */; };
		E1179FD40477E7C898BE41D5 /* ModelDownloadManager.swift in Sources */ = {isa = PBXBuildFile; fileRef = A297A83F8CFF3FCE65AD39CA /* ModelDownloadManager.swift */; };
/* End PBXBuildFile section */

/* Begin PBXFileReference section */
		4B781CF52E8FF8B900B38203 /* AudioSettings.swift */ = {isa = PBXFileReference; lastKnownFileType = sourcecode.swift; path = AudioSettings.swift; sourceTree = "<group>"; };
		4B781CF62E8FF8B900B38203 /* Recording.swift */ = {isa = PBXFileReference; lastKnownFileType = sourcecode.swift; path = Recording.swift; sourceTree = "<group>"; };
		4B781CF82E8FF8B900B38203 /* AudioRecordingServiceProtocol.swift */ = {isa = PBXFileReference; lastKnownFileType = sourcecode.swift; path = AudioRecordingServiceProtocol.swift; sourceTree = "<group>"; };
		4B781CF92E8FF8B900B38203 /* FileStorageServiceProtocol.swift */ = {isa = PBXFileReference; lastKnownFileType = sourcecode.swift; path = FileStorageServiceProtocol.swift; sourceTree = "<group>"; };
		4B781CFA2E8FF8B900B38203 /* NotificationServiceProtocol.swift */ = {isa = PBXFileReference; lastKnownFileType = sourcecode.swift; path = NotificationServiceProtocol.swift; sourceTree = "<group>"; };
		4B781CFC2E8FF8B900B38203 /* AudioRecordingService.swift */ = {isa = PBXFileReference; lastKnownFileType = sourcecode.swift; path = AudioRecordingService.swift; sourceTree = "<group>"; };
		4B781CFD2E8FF8B900B38203 /* FileStorageService.swift */ = {isa = PBXFileReference; lastKnownFileType = sourcecode.swift; path = FileStorageService.swift; sourceTree = "<group>"; };
		4B781CFE2E8FF8B900B38203 /* NotificationService.swift */ = {isa = PBXFileReference; lastKnownFileType = sourcecode.swift; path = NotificationService.swift; sourceTree = "<group>"; };
		4B781D002E8FF8B900B38203 /* AppLogger.swift */ = {isa = PBXFileReference; lastKnownFileType = sourcecode.swift; path = AppLogger.swift; sourceTree = "<group>"; };
		4B781D022E8FF8B900B38203 /* SettingsManager.swift */ = {isa = PBXFileReference; lastKnownFileType = sourcecode.swift; path = SettingsManager.swift; sourceTree = "<group>"; };
		4B781D032E8FF8B900B38203 /* VoiceCaptureError.swift */ = {isa = PBXFileReference; lastKnownFileType = sourcecode.swift; path = VoiceCaptureError.swift; sourceTree = "<group>"; };
		4B781D062E8FF8B900B38203 /* TranscriptionViewModel.swift */ = {isa = PBXFileReference; lastKnownFileType = sourcecode.swift; path = TranscriptionViewModel.swift; sourceTree = "<group>"; };
		4B9891162E8FFE7600409927 /* PermissionsManager.swift */ = {isa = PBXFileReference; lastKnownFileType = sourcecode.swift; path = PermissionsManager.swift; sourceTree = "<group>"; };
		4B9891182E8FFEAC00409927 /* RecordingViewModel.swift */ = {isa = PBXFileReference; lastKnownFileType = sourcecode.swift; path = RecordingViewModel.swift; sourceTree = "<group>"; };
		4BE0C99F2E90154200984A24 /* KeyboardShortcuts+Names.swift */ = {isa = PBXFileReference; lastKnownFileType = sourcecode.swift; name = "KeyboardShortcuts+Names.swift"; path = "Extensions/KeyboardShortcuts+Names.swift"; sourceTree = "<group>"; };
		4BE0C9A12E90155E00984A24 /* SettingsViewModel.swift */ = {isa = PBXFileReference; lastKnownFileType = sourcecode.swift; name = SettingsViewModel.swift; path = ViewModels/SettingsViewModel.swift; sourceTree = "<group>"; };
		4BE0C9A32E90157100984A24 /* SettingsView.swift */ = {isa = PBXFileReference; lastKnownFileType = sourcecode.swift; name = SettingsView.swift; path = Views/Settings/SettingsView.swift; sourceTree = "<group>"; };
		4BE0C9AB2E9025D000984A24 /* TranscriptionServiceProtocol.swift */ = {isa = PBXFileReference; lastKnownFileType = sourcecode.swift; path = TranscriptionServiceProtocol.swift; sourceTree = "<group>"; };
		4BE0C9AD2E9026E100984A24 /* TranscriptionService.swift */ = {isa = PBXFileReference; lastKnownFileType = sourcecode.swift; path = TranscriptionService.swift; sourceTree = "<group>"; };
		4BE0C9AF2E902BBF00984A24 /* AudioDevice.swift */ = {isa = PBXFileReference; lastKnownFileType = sourcecode.swift; path = AudioDevice.swift; sourceTree = "<group>"; };
		804B0ED62389BD441AA1CC03 /* ModelDownloadView.swift */ = {isa = PBXFileReference; includeInIndex = 1; lastKnownFileType = sourcecode.swift; name = ModelDownloadView.swift; path = Views/ModelDownloadView.swift; sourceTree = "<group>"; };
		A0000001000000000000001 /* VoiceCapture.app */ = {isa = PBXFileReference; explicitFileType = wrapper.application; includeInIndex = 0; path = VoiceCapture.app; sourceTree = BUILT_PRODUCTS_DIR; };
		A2000001000000000000001 /* VoiceCaptureApp.swift */ = {isa = PBXFileReference; lastKnownFileType = sourcecode.swift; path = VoiceCaptureApp.swift; sourceTree = "<group>"; };
		A2000002000000000000001 /* AppDelegate.swift */ = {isa = PBXFileReference; lastKnownFileType = sourcecode.swift; path = AppDelegate.swift; sourceTree = "<group>"; };
		A2000003000000000000001 /* Assets.xcassets */ = {isa = PBXFileReference; lastKnownFileType = folder.assetcatalog; path = Assets.xcassets; sourceTree = "<group>"; };
		A2000004000000000000001 /* Info.plist */ = {isa = PBXFileReference; lastKnownFileType = text.plist.xml; path = Info.plist; sourceTree = "<group>"; };
		A2000005000000000000001 /* VoiceCapture.entitlements */ = {isa = PBXFileReference; lastKnownFileType = text.plist.entitlements; path = VoiceCapture.entitlements; sourceTree = "<group>"; };
		A297A83F8CFF3FCE65AD39CA /* ModelDownloadManager.swift */ = {isa = PBXFileReference; includeInIndex = 1; lastKnownFileType = sourcecode.swift; path = ModelDownloadManager.swift; sourceTree = "<group>"; };
/* End PBXFileReference section */

/* Begin PBXFrameworksBuildPhase section */
		A3000001000000000000001 /* Frameworks */ = {
			isa = PBXFrameworksBuildPhase;
			buildActionMask = 2147483647;
			files = (
				4BE0C9AA2E9024C400984A24 /* WhisperKit in Frameworks */,
				4BE0C9A72E9015AD00984A24 /* KeyboardShortcuts in Frameworks */,
			);
			runOnlyForDeploymentPostprocessing = 0;
		};
/* End PBXFrameworksBuildPhase section */

/* Begin PBXGroup section */
		4B781CF72E8FF8B900B38203 /* Models */ = {
			isa = PBXGroup;
			children = (
				4BE0C9AF2E902BBF00984A24 /* AudioDevice.swift */,
				4B781CF52E8FF8B900B38203 /* AudioSettings.swift */,
				4B781CF62E8FF8B900B38203 /* Recording.swift */,
			);
			path = Models;
			sourceTree = "<group>";
		};
		4B781CFB2E8FF8B900B38203 /* Protocols */ = {
			isa = PBXGroup;
			children = (
				4BE0C9AB2E9025D000984A24 /* TranscriptionServiceProtocol.swift */,
				4B781CF82E8FF8B900B38203 /* AudioRecordingServiceProtocol.swift */,
				4B781CF92E8FF8B900B38203 /* FileStorageServiceProtocol.swift */,
				4B781CFA2E8FF8B900B38203 /* NotificationServiceProtocol.swift */,
			);
			path = Protocols;
			sourceTree = "<group>";
		};
		4B781CFF2E8FF8B900B38203 /* Services */ = {
			isa = PBXGroup;
			children = (
				4BE0C9AD2E9026E100984A24 /* TranscriptionService.swift */,
				4B781CFB2E8FF8B900B38203 /* Protocols */,
				4B781CFC2E8FF8B900B38203 /* AudioRecordingService.swift */,
				4B781CFD2E8FF8B900B38203 /* FileStorageService.swift */,
				4B781CFE2E8FF8B900B38203 /* NotificationService.swift */,
				A297A83F8CFF3FCE65AD39CA /* ModelDownloadManager.swift */,
			);
			path = Services;
			sourceTree = "<group>";
		};
		4B781D042E8FF8B900B38203 /* Utilities */ = {
			isa = PBXGroup;
			children = (
				4B9891162E8FFE7600409927 /* PermissionsManager.swift */,
				4B781D002E8FF8B900B38203 /* AppLogger.swift */,
				4B781D022E8FF8B900B38203 /* SettingsManager.swift */,
				4B781D032E8FF8B900B38203 /* VoiceCaptureError.swift */,
			);
			path = Utilities;
			sourceTree = "<group>";
		};
		4B781D072E8FF8B900B38203 /* ViewModels */ = {
			isa = PBXGroup;
			children = (
				4B9891182E8FFEAC00409927 /* RecordingViewModel.swift */,
				4B781D062E8FF8B900B38203 /* TranscriptionViewModel.swift */,
			);
			path = ViewModels;
			sourceTree = "<group>";
		};
		A4000001000000000000001 = {
			isa = PBXGroup;
			children = (
				A4000002000000000000001 /* VoiceCapture */,
				A4000003000000000000001 /* Products */,
			);
			sourceTree = "<group>";
		};
		A4000002000000000000001 /* VoiceCapture */ = {
			isa = PBXGroup;
			children = (
				4BE0C99F2E90154200984A24 /* KeyboardShortcuts+Names.swift */,
				4BE0C9A12E90155E00984A24 /* SettingsViewModel.swift */,
				4BE0C9A32E90157100984A24 /* SettingsView.swift */,
				A2000001000000000000001 /* VoiceCaptureApp.swift */,
				A2000002000000000000001 /* AppDelegate.swift */,
				4B781CF72E8FF8B900B38203 /* Models */,
				4B781CFF2E8FF8B900B38203 /* Services */,
				4B781D042E8FF8B900B38203 /* Utilities */,
				4B781D072E8FF8B900B38203 /* ViewModels */,
				A2000003000000000000001 /* Assets.xcassets */,
				A2000004000000000000001 /* Info.plist */,
				A2000005000000000000001 /* VoiceCapture.entitlements */,
				804B0ED62389BD441AA1CC03 /* ModelDownloadView.swift */,
			);
			path = VoiceCapture;
			sourceTree = "<group>";
		};
		A4000003000000000000001 /* Products */ = {
			isa = PBXGroup;
			children = (
				A0000001000000000000001 /* VoiceCapture.app */,
			);
			name = Products;
			sourceTree = "<group>";
		};
/* End PBXGroup section */

/* Begin PBXNativeTarget section */
		A5000001000000000000001 /* VoiceCapture */ = {
			isa = PBXNativeTarget;
			buildConfigurationList = A6000001000000000000001 /* Build configuration list for PBXNativeTarget "VoiceCapture" */;
			buildPhases = (
				A7000001000000000000001 /* Sources */,
				A3000001000000000000001 /* Frameworks */,
				A8000001000000000000001 /* Resources */,
			);
			buildRules = (
			);
			dependencies = (
			);
			name = VoiceCapture;
			productName = VoiceCapture;
			productReference = A0000001000000000000001 /* VoiceCapture.app */;
			productType = "com.apple.product-type.application";
		};
/* End PBXNativeTarget section */

/* Begin PBXProject section */
		A9000001000000000000001 /* Project object */ = {
			isa = PBXProject;
			attributes = {
				BuildIndependentTargetsInParallel = 1;
				LastSwiftUpdateCheck = 1500;
				LastUpgradeCheck = 2600;
				TargetAttributes = {
					A5000001000000000000001 = {
						CreatedOnToolsVersion = 15.0;
					};
				};
			};
			buildConfigurationList = A6000002000000000000001 /* Build configuration list for PBXProject "VoiceCapture" */;
			compatibilityVersion = "Xcode 14.0";
			developmentRegion = en;
			hasScannedForEncodings = 0;
			knownRegions = (
				en,
				Base,
			);
			mainGroup = A4000001000000000000001;
			packageReferences = (
				4BE0C9A52E9015AD00984A24 /* XCRemoteSwiftPackageReference "KeyboardShortcuts" */,
				4BE0C9A82E9024C400984A24 /* XCRemoteSwiftPackageReference "WhisperKit" */,
			);
			productRefGroup = A4000003000000000000001 /* Products */;
			projectDirPath = "";
			projectRoot = "";
			targets = (
				A5000001000000000000001 /* VoiceCapture */,
			);
		};
/* End PBXProject section */

/* Begin PBXResourcesBuildPhase section */
		A8000001000000000000001 /* Resources */ = {
			isa = PBXResourcesBuildPhase;
			buildActionMask = 2147483647;
			files = (
				A1000003000000000000001 /* Assets.xcassets in Resources */,
			);
			runOnlyForDeploymentPostprocessing = 0;
		};
/* End PBXResourcesBuildPhase section */

/* Begin PBXSourcesBuildPhase section */
		A7000001000000000000001 /* Sources */ = {
			isa = PBXSourcesBuildPhase;
			buildActionMask = 2147483647;
			files = (
				4B781D092E8FF8B900B38203 /* Recording.swift in Sources */,
				4B781D0A2E8FF8B900B38203 /* FileStorageServiceProtocol.swift in Sources */,
				4B781D0B2E8FF8B900B38203 /* AudioRecordingService.swift in Sources */,
				4B781D0C2E8FF8B900B38203 /* TranscriptionViewModel.swift in Sources */,
				4B781D0D2E8FF8B900B38203 /* AudioSettings.swift in Sources */,
				4B781D0E2E8FF8B900B38203 /* VoiceCaptureError.swift in Sources */,
				4B781D0F2E8FF8B900B38203 /* AudioRecordingServiceProtocol.swift in Sources */,
				4B781D102E8FF8B900B38203 /* NotificationService.swift in Sources */,
				4B781D112E8FF8B900B38203 /* NotificationServiceProtocol.swift in Sources */,
				4B781D122E8FF8B900B38203 /* SettingsManager.swift in Sources */,
				4B9891172E8FFE7600409927 /* PermissionsManager.swift in Sources */,
				4B781D132E8FF8B900B38203 /* AppLogger.swift in Sources */,
				4B9891192E8FFEAC00409927 /* RecordingViewModel.swift in Sources */,
				4B781D152E8FF8B900B38203 /* FileStorageService.swift in Sources */,
				A1000001000000000000001 /* VoiceCaptureApp.swift in Sources */,
				A1000002000000000000001 /* AppDelegate.swift in Sources */,
				4BE0C9AE2E9026E100984A24 /* TranscriptionService.swift in Sources */,
				4BE0C9AC2E9025D000984A24 /* TranscriptionServiceProtocol.swift in Sources */,
				4BE0C9B02E902BBF00984A24 /* AudioDevice.swift in Sources */,
				4BE0C9A02E90154200984A24 /* KeyboardShortcuts+Names.swift in Sources */,
				4BE0C9A22E90155E00984A24 /* SettingsViewModel.swift in Sources */,
				4BE0C9A42E90157100984A24 /* SettingsView.swift in Sources */,
				E1179FD40477E7C898BE41D5 /* ModelDownloadManager.swift in Sources */,
				BD4BDB954035B484B8D6AFB0 /* ModelDownloadView.swift in Sources */,
			);
			runOnlyForDeploymentPostprocessing = 0;
		};
/* End PBXSourcesBuildPhase section */

/* Begin XCBuildConfiguration section */
		A6000003000000000000001 /* Debug */ = {
			isa = XCBuildConfiguration;
			buildSettings = {
				ALWAYS_SEARCH_USER_PATHS = NO;
				ASSETCATALOG_COMPILER_GENERATE_SWIFT_ASSET_SYMBOL_EXTENSIONS = YES;
				CLANG_ANALYZER_NONNULL = YES;
				CLANG_ANALYZER_NUMBER_OBJECT_CONVERSION = YES_AGGRESSIVE;
				CLANG_CXX_LANGUAGE_STANDARD = "gnu++20";
				CLANG_ENABLE_MODULES = YES;
				CLANG_ENABLE_OBJC_ARC = YES;
				CLANG_ENABLE_OBJC_WEAK = YES;
				CLANG_WARN_BLOCK_CAPTURE_AUTORELEASING = YES;
				CLANG_WARN_BOOL_CONVERSION = YES;
				CLANG_WARN_COMMA = YES;
				CLANG_WARN_CONSTANT_CONVERSION = YES;
				CLANG_WARN_DEPRECATED_OBJC_IMPLEMENTATIONS = YES;
				CLANG_WARN_DIRECT_OBJC_ISA_USAGE = YES_ERROR;
				CLANG_WARN_DOCUMENTATION_COMMENTS = YES;
				CLANG_WARN_EMPTY_BODY = YES;
				CLANG_WARN_ENUM_CONVERSION = YES;
				CLANG_WARN_INFINITE_RECURSION = YES;
				CLANG_WARN_INT_CONVERSION = YES;
				CLANG_WARN_NON_LITERAL_NULL_CONVERSION = YES;
				CLANG_WARN_OBJC_IMPLICIT_RETAIN_SELF = YES;
				CLANG_WARN_OBJC_LITERAL_CONVERSION = YES;
				CLANG_WARN_OBJC_ROOT_CLASS = YES_ERROR;
				CLANG_WARN_QUOTED_INCLUDE_IN_FRAMEWORK_HEADER = YES;
				CLANG_WARN_RANGE_LOOP_ANALYSIS = YES;
				CLANG_WARN_STRICT_PROTOTYPES = YES;
				CLANG_WARN_SUSPICIOUS_MOVE = YES;
				CLANG_WARN_UNGUARDED_AVAILABILITY = YES_AGGRESSIVE;
				CLANG_WARN_UNREACHABLE_CODE = YES;
				CLANG_WARN__DUPLICATE_METHOD_MATCH = YES;
				COPY_PHASE_STRIP = NO;
				DEAD_CODE_STRIPPING = YES;
				DEBUG_INFORMATION_FORMAT = dwarf;
				ENABLE_STRICT_OBJC_MSGSEND = YES;
				ENABLE_TESTABILITY = YES;
				ENABLE_USER_SCRIPT_SANDBOXING = YES;
				GCC_C_LANGUAGE_STANDARD = gnu17;
				GCC_DYNAMIC_NO_PIC = NO;
				GCC_NO_COMMON_BLOCKS = YES;
				GCC_OPTIMIZATION_LEVEL = 0;
				GCC_PREPROCESSOR_DEFINITIONS = (
					"DEBUG=1",
					"$(inherited)",
				);
				GCC_WARN_64_TO_32_BIT_CONVERSION = YES;
				GCC_WARN_ABOUT_RETURN_TYPE = YES_ERROR;
				GCC_WARN_UNDECLARED_SELECTOR = YES;
				GCC_WARN_UNINITIALIZED_AUTOS = YES_AGGRESSIVE;
				GCC_WARN_UNUSED_FUNCTION = YES;
				GCC_WARN_UNUSED_VARIABLE = YES;
				LOCALIZATION_PREFERS_STRING_CATALOGS = YES;
				MACOSX_DEPLOYMENT_TARGET = 15.0;
				MTL_ENABLE_DEBUG_INFO = INCLUDE_SOURCE;
				MTL_FAST_MATH = YES;
				ONLY_ACTIVE_ARCH = YES;
				SDKROOT = macosx;
				STRING_CATALOG_GENERATE_SYMBOLS = YES;
				SWIFT_ACTIVE_COMPILATION_CONDITIONS = "DEBUG $(inherited)";
				SWIFT_OPTIMIZATION_LEVEL = "-Onone";
			};
			name = Debug;
		};
		A6000004000000000000001 /* Release */ = {
			isa = XCBuildConfiguration;
			buildSettings = {
				ALWAYS_SEARCH_USER_PATHS = NO;
				ASSETCATALOG_COMPILER_GENERATE_SWIFT_ASSET_SYMBOL_EXTENSIONS = YES;
				CLANG_ANALYZER_NONNULL = YES;
				CLANG_ANALYZER_NUMBER_OBJECT_CONVERSION = YES_AGGRESSIVE;
				CLANG_CXX_LANGUAGE_STANDARD = "gnu++20";
				CLANG_ENABLE_MODULES = YES;
				CLANG_ENABLE_OBJC_ARC = YES;
				CLANG_ENABLE_OBJC_WEAK = YES;
				CLANG_WARN_BLOCK_CAPTURE_AUTORELEASING = YES;
				CLANG_WARN_BOOL_CONVERSION = YES;
				CLANG_WARN_COMMA = YES;
				CLANG_WARN_CONSTANT_CONVERSION = YES;
				CLANG_WARN_DEPRECATED_OBJC_IMPLEMENTATIONS = YES;
				CLANG_WARN_DIRECT_OBJC_ISA_USAGE = YES_ERROR;
				CLANG_WARN_DOCUMENTATION_COMMENTS = YES;
				CLANG_WARN_EMPTY_BODY = YES;
				CLANG_WARN_ENUM_CONVERSION = YES;
				CLANG_WARN_INFINITE_RECURSION = YES;
				CLANG_WARN_INT_CONVERSION = YES;
				CLANG_WARN_NON_LITERAL_NULL_CONVERSION = YES;
				CLANG_WARN_OBJC_IMPLICIT_RETAIN_SELF = YES;
				CLANG_WARN_OBJC_LITERAL_CONVERSION = YES;
				CLANG_WARN_OBJC_ROOT_CLASS = YES_ERROR;
				CLANG_WARN_QUOTED_INCLUDE_IN_FRAMEWORK_HEADER = YES;
				CLANG_WARN_RANGE_LOOP_ANALYSIS = YES;
				CLANG_WARN_STRICT_PROTOTYPES = YES;
				CLANG_WARN_SUSPICIOUS_MOVE = YES;
				CLANG_WARN_UNGUARDED_AVAILABILITY = YES_AGGRESSIVE;
				CLANG_WARN_UNREACHABLE_CODE = YES;
				CLANG_WARN__DUPLICATE_METHOD_MATCH = YES;
				COPY_PHASE_STRIP = NO;
				DEAD_CODE_STRIPPING = YES;
				DEBUG_INFORMATION_FORMAT = "dwarf-with-dsym";
				ENABLE_NS_ASSERTIONS = NO;
				ENABLE_STRICT_OBJC_MSGSEND = YES;
				ENABLE_USER_SCRIPT_SANDBOXING = YES;
				GCC_C_LANGUAGE_STANDARD = gnu17;
				GCC_NO_COMMON_BLOCKS = YES;
				GCC_WARN_64_TO_32_BIT_CONVERSION = YES;
				GCC_WARN_ABOUT_RETURN_TYPE = YES_ERROR;
				GCC_WARN_UNDECLARED_SELECTOR = YES;
				GCC_WARN_UNINITIALIZED_AUTOS = YES_AGGRESSIVE;
				GCC_WARN_UNUSED_FUNCTION = YES;
				GCC_WARN_UNUSED_VARIABLE = YES;
				LOCALIZATION_PREFERS_STRING_CATALOGS = YES;
				MACOSX_DEPLOYMENT_TARGET = 15.0;
				MTL_ENABLE_DEBUG_INFO = NO;
				MTL_FAST_MATH = YES;
				SDKROOT = macosx;
				STRING_CATALOG_GENERATE_SYMBOLS = YES;
				SWIFT_COMPILATION_MODE = wholemodule;
			};
			name = Release;
		};
		A6000005000000000000001 /* Debug */ = {
			isa = XCBuildConfiguration;
			buildSettings = {
				ASSETCATALOG_COMPILER_APPICON_NAME = AppIcon;
				ASSETCATALOG_COMPILER_GLOBAL_ACCENT_COLOR_NAME = AccentColor;
				AUTOMATION_APPLE_EVENTS = YES;
				CODE_SIGN_ENTITLEMENTS = VoiceCapture/VoiceCapture.entitlements;
				CODE_SIGN_STYLE = Automatic;
				COMBINE_HIDPI_IMAGES = YES;
				CURRENT_PROJECT_VERSION = 1;
				DEAD_CODE_STRIPPING = YES;
				DEVELOPMENT_ASSET_PATHS = "";
				ENABLE_APP_SANDBOX = YES;
				ENABLE_PREVIEWS = YES;
				ENABLE_RESOURCE_ACCESS_AUDIO_INPUT = YES;
				ENABLE_USER_SELECTED_FILES = readwrite;
				GENERATE_INFOPLIST_FILE = NO;
				INFOPLIST_FILE = VoiceCapture/Info.plist;
				INFOPLIST_KEY_NSHumanReadableCopyright = "";
				LD_RUNPATH_SEARCH_PATHS = (
					"$(inherited)",
					"@executable_path/../Frameworks",
				);
				MARKETING_VERSION = 1.0;
				PRODUCT_BUNDLE_IDENTIFIER = com.yourdomain.VoiceCapture;
				PRODUCT_NAME = "$(TARGET_NAME)";
				SWIFT_EMIT_LOC_STRINGS = YES;
				SWIFT_VERSION = 5.0;
			};
			name = Debug;
		};
		A6000006000000000000001 /* Release */ = {
			isa = XCBuildConfiguration;
			buildSettings = {
				ASSETCATALOG_COMPILER_APPICON_NAME = AppIcon;
				ASSETCATALOG_COMPILER_GLOBAL_ACCENT_COLOR_NAME = AccentColor;
				AUTOMATION_APPLE_EVENTS = YES;
				CODE_SIGN_ENTITLEMENTS = VoiceCapture/VoiceCapture.entitlements;
				CODE_SIGN_STYLE = Automatic;
				COMBINE_HIDPI_IMAGES = YES;
				CURRENT_PROJECT_VERSION = 1;
				DEAD_CODE_STRIPPING = YES;
				DEVELOPMENT_ASSET_PATHS = "";
				ENABLE_APP_SANDBOX = YES;
				ENABLE_PREVIEWS = YES;
				ENABLE_RESOURCE_ACCESS_AUDIO_INPUT = YES;
				ENABLE_USER_SELECTED_FILES = readwrite;
				GENERATE_INFOPLIST_FILE = NO;
				INFOPLIST_FILE = VoiceCapture/Info.plist;
				INFOPLIST_KEY_NSHumanReadableCopyright = "";
				LD_RUNPATH_SEARCH_PATHS = (
					"$(inherited)",
					"@executable_path/../Frameworks",
				);
				MARKETING_VERSION = 1.0;
				PRODUCT_BUNDLE_IDENTIFIER = com.yourdomain.VoiceCapture;
				PRODUCT_NAME = "$(TARGET_NAME)";
				SWIFT_EMIT_LOC_STRINGS = YES;
				SWIFT_VERSION = 5.0;
			};
			name = Release;
		};
/* End XCBuildConfiguration section */

/* Begin XCConfigurationList section */
		A6000001000000000000001 /* Build configuration list for PBXNativeTarget "VoiceCapture" */ = {
			isa = XCConfigurationList;
			buildConfigurations = (
				A6000005000000000000001 /* Debug */,
				A6000006000000000000001 /* Release */,
			);
			defaultConfigurationIsVisible = 0;
			defaultConfigurationName = Release;
		};
		A6000002000000000000001 /* Build configuration list for PBXProject "VoiceCapture" */ = {
			isa = XCConfigurationList;
			buildConfigurations = (
				A6000003000000000000001 /* Debug */,
				A6000004000000000000001 /* Release */,
			);
			defaultConfigurationIsVisible = 0;
			defaultConfigurationName = Release;
		};
/* End XCConfigurationList section */

/* Begin XCRemoteSwiftPackageReference section */
		4BE0C9A52E9015AD00984A24 /* XCRemoteSwiftPackageReference "KeyboardShortcuts" */ = {
			isa = XCRemoteSwiftPackageReference;
			repositoryURL = "https://github.com/sindresorhus/KeyboardShortcuts";
			requirement = {
				kind = upToNextMajorVersion;
				minimumVersion = 2.4.0;
			};
		};
		4BE0C9A82E9024C400984A24 /* XCRemoteSwiftPackageReference "WhisperKit" */ = {
			isa = XCRemoteSwiftPackageReference;
			repositoryURL = "https://github.com/argmaxinc/WhisperKit";
			requirement = {
				branch = main;
				kind = branch;
			};
		};
/* End XCRemoteSwiftPackageReference section */

/* Begin XCSwiftPackageProductDependency section */
		4BE0C9A62E9015AD00984A24 /* KeyboardShortcuts */ = {
			isa = XCSwiftPackageProductDependency;
			package = 4BE0C9A52E9015AD00984A24 /* XCRemoteSwiftPackageReference "KeyboardShortcuts" */;
			productName = KeyboardShortcuts;
		};
		4BE0C9A92E9024C400984A24 /* WhisperKit */ = {
			isa = XCSwiftPackageProductDependency;
			package = 4BE0C9A82E9024C400984A24 /* XCRemoteSwiftPackageReference "WhisperKit" */;
			productName = WhisperKit;
		};
/* End XCSwiftPackageProductDependency section */
	};
	rootObject = A9000001000000000000001 /* Project object */;
}
